// !$*UTF8*$!
{
	archiveVersion = 1;
	classes = {
	};
	objectVersion = 46;
	objects = {

/* Begin PBXBuildFile section */
		056839601E64D640006D59A1 /* CameraViewController.swift in Sources */ = {isa = PBXBuildFile; fileRef = 0568395F1E64D640006D59A1 /* CameraViewController.swift */; };
		05A91B821E65575000B44E37 /* SavedSearchTableViewCell.swift in Sources */ = {isa = PBXBuildFile; fileRef = 05A91B811E65575000B44E37 /* SavedSearchTableViewCell.swift */; };
		05D1449A1E620C4300EDF5E2 /* AppDelegate.swift in Sources */ = {isa = PBXBuildFile; fileRef = 05D144991E620C4300EDF5E2 /* AppDelegate.swift */; };
		05D1449C1E620C4300EDF5E2 /* SearchesViewController.swift in Sources */ = {isa = PBXBuildFile; fileRef = 05D1449B1E620C4300EDF5E2 /* SearchesViewController.swift */; };
		05D1449F1E620C4300EDF5E2 /* Main.storyboard in Resources */ = {isa = PBXBuildFile; fileRef = 05D1449D1E620C4300EDF5E2 /* Main.storyboard */; };
		05D144A21E620C4300EDF5E2 /* Photo_Shopper.xcdatamodeld in Sources */ = {isa = PBXBuildFile; fileRef = 05D144A01E620C4300EDF5E2 /* Photo_Shopper.xcdatamodeld */; };
		05D144A41E620C4300EDF5E2 /* Assets.xcassets in Resources */ = {isa = PBXBuildFile; fileRef = 05D144A31E620C4300EDF5E2 /* Assets.xcassets */; };
		05D144A71E620C4300EDF5E2 /* LaunchScreen.storyboard in Resources */ = {isa = PBXBuildFile; fileRef = 05D144A51E620C4300EDF5E2 /* LaunchScreen.storyboard */; };
		05D144AF1E620F8A00EDF5E2 /* SearchItem.swift in Sources */ = {isa = PBXBuildFile; fileRef = 05D144AE1E620F8A00EDF5E2 /* SearchItem.swift */; };
		05D144B11E6212C100EDF5E2 /* plaid_pillow.jpg in Resources */ = {isa = PBXBuildFile; fileRef = 05D144B01E6212C100EDF5E2 /* plaid_pillow.jpg */; };
/* End PBXBuildFile section */

/* Begin PBXFileReference section */
		0568395F1E64D640006D59A1 /* CameraViewController.swift */ = {isa = PBXFileReference; fileEncoding = 4; lastKnownFileType = sourcecode.swift; path = CameraViewController.swift; sourceTree = "<group>"; };
		05A91B811E65575000B44E37 /* SavedSearchTableViewCell.swift */ = {isa = PBXFileReference; fileEncoding = 4; lastKnownFileType = sourcecode.swift; path = SavedSearchTableViewCell.swift; sourceTree = "<group>"; };
		05D144961E620C4300EDF5E2 /* Photo Shopper.app */ = {isa = PBXFileReference; explicitFileType = wrapper.application; includeInIndex = 0; path = "Photo Shopper.app"; sourceTree = BUILT_PRODUCTS_DIR; };
		05D144991E620C4300EDF5E2 /* AppDelegate.swift */ = {isa = PBXFileReference; lastKnownFileType = sourcecode.swift; path = AppDelegate.swift; sourceTree = "<group>"; };
		05D1449B1E620C4300EDF5E2 /* SearchesViewController.swift */ = {isa = PBXFileReference; lastKnownFileType = sourcecode.swift; path = SearchesViewController.swift; sourceTree = "<group>"; };
		05D1449E1E620C4300EDF5E2 /* Base */ = {isa = PBXFileReference; lastKnownFileType = file.storyboard; name = Base; path = Base.lproj/Main.storyboard; sourceTree = "<group>"; };
		05D144A11E620C4300EDF5E2 /* Photo_Shopper.xcdatamodel */ = {isa = PBXFileReference; lastKnownFileType = wrapper.xcdatamodel; path = Photo_Shopper.xcdatamodel; sourceTree = "<group>"; };
		05D144A31E620C4300EDF5E2 /* Assets.xcassets */ = {isa = PBXFileReference; lastKnownFileType = folder.assetcatalog; path = Assets.xcassets; sourceTree = "<group>"; };
		05D144A61E620C4300EDF5E2 /* Base */ = {isa = PBXFileReference; lastKnownFileType = file.storyboard; name = Base; path = Base.lproj/LaunchScreen.storyboard; sourceTree = "<group>"; };
		05D144A81E620C4300EDF5E2 /* Info.plist */ = {isa = PBXFileReference; lastKnownFileType = text.plist.xml; path = Info.plist; sourceTree = "<group>"; };
		05D144AE1E620F8A00EDF5E2 /* SearchItem.swift */ = {isa = PBXFileReference; fileEncoding = 4; lastKnownFileType = sourcecode.swift; path = SearchItem.swift; sourceTree = "<group>"; };
		05D144B01E6212C100EDF5E2 /* plaid_pillow.jpg */ = {isa = PBXFileReference; lastKnownFileType = image.jpeg; path = plaid_pillow.jpg; sourceTree = "<group>"; };
/* End PBXFileReference section */

/* Begin PBXFrameworksBuildPhase section */
		05D144931E620C4200EDF5E2 /* Frameworks */ = {
			isa = PBXFrameworksBuildPhase;
			buildActionMask = 2147483647;
			files = (
			);
			runOnlyForDeploymentPostprocessing = 0;
		};
/* End PBXFrameworksBuildPhase section */

/* Begin PBXGroup section */
		05D1448D1E620C4200EDF5E2 = {
			isa = PBXGroup;
			children = (
				05D144981E620C4300EDF5E2 /* Photo Shopper */,
				05D144971E620C4300EDF5E2 /* Products */,
			);
			sourceTree = "<group>";
		};
		05D144971E620C4300EDF5E2 /* Products */ = {
			isa = PBXGroup;
			children = (
				05D144961E620C4300EDF5E2 /* Photo Shopper.app */,
			);
			name = Products;
			sourceTree = "<group>";
		};
		05D144981E620C4300EDF5E2 /* Photo Shopper */ = {
			isa = PBXGroup;
			children = (
				05D144991E620C4300EDF5E2 /* AppDelegate.swift */,
				05D1449B1E620C4300EDF5E2 /* SearchesViewController.swift */,
				05D1449D1E620C4300EDF5E2 /* Main.storyboard */,
				05A91B811E65575000B44E37 /* SavedSearchTableViewCell.swift */,
				0568395F1E64D640006D59A1 /* CameraViewController.swift */,
				05D144AE1E620F8A00EDF5E2 /* SearchItem.swift */,
				05D144B01E6212C100EDF5E2 /* plaid_pillow.jpg */,
				05D144A31E620C4300EDF5E2 /* Assets.xcassets */,
				05D144A51E620C4300EDF5E2 /* LaunchScreen.storyboard */,
				05D144A81E620C4300EDF5E2 /* Info.plist */,
				05D144A01E620C4300EDF5E2 /* Photo_Shopper.xcdatamodeld */,
			);
			path = "Photo Shopper";
			sourceTree = "<group>";
		};
/* End PBXGroup section */

/* Begin PBXNativeTarget section */
		05D144951E620C4200EDF5E2 /* Photo Shopper */ = {
			isa = PBXNativeTarget;
			buildConfigurationList = 05D144AB1E620C4300EDF5E2 /* Build configuration list for PBXNativeTarget "Photo Shopper" */;
			buildPhases = (
				05D144921E620C4200EDF5E2 /* Sources */,
				05D144931E620C4200EDF5E2 /* Frameworks */,
				05D144941E620C4200EDF5E2 /* Resources */,
			);
			buildRules = (
			);
			dependencies = (
			);
			name = "Photo Shopper";
			productName = "Photo Shopper";
			productReference = 05D144961E620C4300EDF5E2 /* Photo Shopper.app */;
			productType = "com.apple.product-type.application";
		};
/* End PBXNativeTarget section */

/* Begin PBXProject section */
		05D1448E1E620C4200EDF5E2 /* Project object */ = {
			isa = PBXProject;
			attributes = {
				LastSwiftUpdateCheck = 0820;
				LastUpgradeCheck = 0820;
				ORGANIZATIONNAME = Troy;
				TargetAttributes = {
					05D144951E620C4200EDF5E2 = {
						CreatedOnToolsVersion = 8.2.1;
						DevelopmentTeam = NBEXGDQS46;
						ProvisioningStyle = Automatic;
					};
				};
			};
			buildConfigurationList = 05D144911E620C4200EDF5E2 /* Build configuration list for PBXProject "Photo Shopper" */;
			compatibilityVersion = "Xcode 3.2";
			developmentRegion = English;
			hasScannedForEncodings = 0;
			knownRegions = (
				en,
				Base,
			);
			mainGroup = 05D1448D1E620C4200EDF5E2;
			productRefGroup = 05D144971E620C4300EDF5E2 /* Products */;
			projectDirPath = "";
			projectRoot = "";
			targets = (
				05D144951E620C4200EDF5E2 /* Photo Shopper */,
			);
		};
/* End PBXProject section */

/* Begin PBXResourcesBuildPhase section */
		05D144941E620C4200EDF5E2 /* Resources */ = {
			isa = PBXResourcesBuildPhase;
			buildActionMask = 2147483647;
			files = (
				05D144A71E620C4300EDF5E2 /* LaunchScreen.storyboard in Resources */,
				05D144A41E620C4300EDF5E2 /* Assets.xcassets in Resources */,
				05D1449F1E620C4300EDF5E2 /* Main.storyboard in Resources */,
				05D144B11E6212C100EDF5E2 /* plaid_pillow.jpg in Resources */,
			);
			runOnlyForDeploymentPostprocessing = 0;
		};
/* End PBXResourcesBuildPhase section */

/* Begin PBXSourcesBuildPhase section */
		05D144921E620C4200EDF5E2 /* Sources */ = {
			isa = PBXSourcesBuildPhase;
			buildActionMask = 2147483647;
			files = (
				05D144AF1E620F8A00EDF5E2 /* SearchItem.swift in Sources */,
				05D1449C1E620C4300EDF5E2 /* SearchesViewController.swift in Sources */,
				05D1449A1E620C4300EDF5E2 /* AppDelegate.swift in Sources */,
				05A91B821E65575000B44E37 /* SavedSearchTableViewCell.swift in Sources */,
				05D144A21E620C4300EDF5E2 /* Photo_Shopper.xcdatamodeld in Sources */,
				056839601E64D640006D59A1 /* CameraViewController.swift in Sources */,
			);
			runOnlyForDeploymentPostprocessing = 0;
		};
/* End PBXSourcesBuildPhase section */

/* Begin PBXVariantGroup section */
		05D1449D1E620C4300EDF5E2 /* Main.storyboard */ = {
			isa = PBXVariantGroup;
			children = (
				05D1449E1E620C4300EDF5E2 /* Base */,
			);
			name = Main.storyboard;
			sourceTree = "<group>";
		};
		05D144A51E620C4300EDF5E2 /* LaunchScreen.storyboard */ = {
			isa = PBXVariantGroup;
			children = (
				05D144A61E620C4300EDF5E2 /* Base */,
			);
			name = LaunchScreen.storyboard;
			sourceTree = "<group>";
		};
/* End PBXVariantGroup section */

/* Begin XCBuildConfiguration section */
		05D144A91E620C4300EDF5E2 /* Debug */ = {
			isa = XCBuildConfiguration;
			buildSettings = {
				ALWAYS_SEARCH_USER_PATHS = NO;
				CLANG_ANALYZER_NONNULL = YES;
				CLANG_CXX_LANGUAGE_STANDARD = "gnu++0x";
				CLANG_CXX_LIBRARY = "libc++";
				CLANG_ENABLE_MODULES = YES;
				CLANG_ENABLE_OBJC_ARC = YES;
				CLANG_WARN_BOOL_CONVERSION = YES;
				CLANG_WARN_CONSTANT_CONVERSION = YES;
				CLANG_WARN_DIRECT_OBJC_ISA_USAGE = YES_ERROR;
				CLANG_WARN_DOCUMENTATION_COMMENTS = YES;
				CLANG_WARN_EMPTY_BODY = YES;
				CLANG_WARN_ENUM_CONVERSION = YES;
				CLANG_WARN_INFINITE_RECURSION = YES;
				CLANG_WARN_INT_CONVERSION = YES;
				CLANG_WARN_OBJC_ROOT_CLASS = YES_ERROR;
				CLANG_WARN_SUSPICIOUS_MOVE = YES;
				CLANG_WARN_UNREACHABLE_CODE = YES;
				CLANG_WARN__DUPLICATE_METHOD_MATCH = YES;
				"CODE_SIGN_IDENTITY[sdk=iphoneos*]" = "iPhone Developer";
				COPY_PHASE_STRIP = NO;
				DEBUG_INFORMATION_FORMAT = dwarf;
				ENABLE_STRICT_OBJC_MSGSEND = YES;
				ENABLE_TESTABILITY = YES;
				GCC_C_LANGUAGE_STANDARD = gnu99;
				GCC_DYNAMIC_NO_PIC = NO;
				GCC_NO_COMMON_BLOCKS = YES;
				GCC_OPTIMIZATION_LEVEL = 0;
				GCC_PREPROCESSOR_DEFINITIONS = (
					"DEBUG=1",
					"$(inherited)",
				);
				GCC_WARN_64_TO_32_BIT_CONVERSION = YES;
				GCC_WARN_ABOUT_RETURN_TYPE = YES_ERROR;
				GCC_WARN_UNDECLARED_SELECTOR = YES;
				GCC_WARN_UNINITIALIZED_AUTOS = YES_AGGRESSIVE;
				GCC_WARN_UNUSED_FUNCTION = YES;
				GCC_WARN_UNUSED_VARIABLE = YES;
				IPHONEOS_DEPLOYMENT_TARGET = 10.2;
				MTL_ENABLE_DEBUG_INFO = YES;
				ONLY_ACTIVE_ARCH = YES;
				SDKROOT = iphoneos;
				SWIFT_ACTIVE_COMPILATION_CONDITIONS = DEBUG;
				SWIFT_OPTIMIZATION_LEVEL = "-Onone";
			};
			name = Debug;
		};
		05D144AA1E620C4300EDF5E2 /* Release */ = {
			isa = XCBuildConfiguration;
			buildSettings = {
				ALWAYS_SEARCH_USER_PATHS = NO;
				CLANG_ANALYZER_NONNULL = YES;
				CLANG_CXX_LANGUAGE_STANDARD = "gnu++0x";
				CLANG_CXX_LIBRARY = "libc++";
				CLANG_ENABLE_MODULES = YES;
				CLANG_ENABLE_OBJC_ARC = YES;
				CLANG_WARN_BOOL_CONVERSION = YES;
				CLANG_WARN_CONSTANT_CONVERSION = YES;
				CLANG_WARN_DIRECT_OBJC_ISA_USAGE = YES_ERROR;
				CLANG_WARN_DOCUMENTATION_COMMENTS = YES;
				CLANG_WARN_EMPTY_BODY = YES;
				CLANG_WARN_ENUM_CONVERSION = YES;
				CLANG_WARN_INFINITE_RECURSION = YES;
				CLANG_WARN_INT_CONVERSION = YES;
				CLANG_WARN_OBJC_ROOT_CLASS = YES_ERROR;
				CLANG_WARN_SUSPICIOUS_MOVE = YES;
				CLANG_WARN_UNREACHABLE_CODE = YES;
				CLANG_WARN__DUPLICATE_METHOD_MATCH = YES;
				"CODE_SIGN_IDENTITY[sdk=iphoneos*]" = "iPhone Developer";
				COPY_PHASE_STRIP = NO;
				DEBUG_INFORMATION_FORMAT = "dwarf-with-dsym";
				ENABLE_NS_ASSERTIONS = NO;
				ENABLE_STRICT_OBJC_MSGSEND = YES;
				GCC_C_LANGUAGE_STANDARD = gnu99;
				GCC_NO_COMMON_BLOCKS = YES;
				GCC_WARN_64_TO_32_BIT_CONVERSION = YES;
				GCC_WARN_ABOUT_RETURN_TYPE = YES_ERROR;
				GCC_WARN_UNDECLARED_SELECTOR = YES;
				GCC_WARN_UNINITIALIZED_AUTOS = YES_AGGRESSIVE;
				GCC_WARN_UNUSED_FUNCTION = YES;
				GCC_WARN_UNUSED_VARIABLE = YES;
				IPHONEOS_DEPLOYMENT_TARGET = 10.2;
				MTL_ENABLE_DEBUG_INFO = NO;
				SDKROOT = iphoneos;
				SWIFT_OPTIMIZATION_LEVEL = "-Owholemodule";
				VALIDATE_PRODUCT = YES;
			};
			name = Release;
		};
		05D144AC1E620C4300EDF5E2 /* Debug */ = {
			isa = XCBuildConfiguration;
			buildSettings = {
				ASSETCATALOG_COMPILER_APPICON_NAME = AppIcon;
				DEVELOPMENT_TEAM = NBEXGDQS46;
				INFOPLIST_FILE = "Photo Shopper/Info.plist";
				IPHONEOS_DEPLOYMENT_TARGET = 10.0;
				LD_RUNPATH_SEARCH_PATHS = "$(inherited) @executable_path/Frameworks";
				PRODUCT_BUNDLE_IDENTIFIER = com.HalpinTroy;
				PRODUCT_NAME = "$(TARGET_NAME)";
				SWIFT_VERSION = 3.0;
			};
			name = Debug;
		};
		05D144AD1E620C4300EDF5E2 /* Release */ = {
			isa = XCBuildConfiguration;
			buildSettings = {
				ASSETCATALOG_COMPILER_APPICON_NAME = AppIcon;
				DEVELOPMENT_TEAM = NBEXGDQS46;
				INFOPLIST_FILE = "Photo Shopper/Info.plist";
				IPHONEOS_DEPLOYMENT_TARGET = 10.0;
				LD_RUNPATH_SEARCH_PATHS = "$(inherited) @executable_path/Frameworks";
				PRODUCT_BUNDLE_IDENTIFIER = com.HalpinTroy;
				PRODUCT_NAME = "$(TARGET_NAME)";
				SWIFT_VERSION = 3.0;
			};
			name = Release;
		};
/* End XCBuildConfiguration section */

/* Begin XCConfigurationList section */
		05D144911E620C4200EDF5E2 /* Build configuration list for PBXProject "Photo Shopper" */ = {
			isa = XCConfigurationList;
			buildConfigurations = (
				05D144A91E620C4300EDF5E2 /* Debug */,
				05D144AA1E620C4300EDF5E2 /* Release */,
			);
			defaultConfigurationIsVisible = 0;
			defaultConfigurationName = Release;
		};
		05D144AB1E620C4300EDF5E2 /* Build configuration list for PBXNativeTarget "Photo Shopper" */ = {
			isa = XCConfigurationList;
			buildConfigurations = (
				05D144AC1E620C4300EDF5E2 /* Debug */,
				05D144AD1E620C4300EDF5E2 /* Release */,
			);
			defaultConfigurationIsVisible = 0;
			defaultConfigurationName = Release;
		};
/* End XCConfigurationList section */

/* Begin XCVersionGroup section */
		05D144A01E620C4300EDF5E2 /* Photo_Shopper.xcdatamodeld */ = {
			isa = XCVersionGroup;
			children = (
				05D144A11E620C4300EDF5E2 /* Photo_Shopper.xcdatamodel */,
			);
			currentVersion = 05D144A11E620C4300EDF5E2 /* Photo_Shopper.xcdatamodel */;
			path = Photo_Shopper.xcdatamodeld;
			sourceTree = "<group>";
			versionGroupType = wrapper.xcdatamodel;
		};
/* End XCVersionGroup section */
	};
	rootObject = 05D1448E1E620C4200EDF5E2 /* Project object */;
}
